
Microsoft Visual Studio Solution File, Format Version 12.00
# Visual Studio Version 16
VisualStudioVersion = 16.0.28803.352
MinimumVisualStudioVersion = 10.0.40219.1
Project("{8BC9CEB8-8B4A-11D0-8D11-00A0C91BC942}") = "LEApp", "LEApp\LEApp.vcxproj", "{E6DCB510-4DF2-4C49-B230-C2D62F2DF371}"
EndProject
Project("{8BC9CEB8-8B4A-11D0-8D11-00A0C91BC942}") = "_PCH", "PCH\_PCH.vcxproj", "{176489DF-3F22-43D5-A6F4-56EF4F2D4388}"
EndProject
Project("{8BC9CEB8-8B4A-11D0-8D11-00A0C91BC942}") = "Core", "Core\Core.vcxproj", "{AF5B2E49-98BC-4C1B-8B53-0122876D47FA}"
	ProjectSection(ProjectDependencies) = postProject
		{176489DF-3F22-43D5-A6F4-56EF4F2D4388} = {176489DF-3F22-43D5-A6F4-56EF4F2D4388}
	EndProjectSection
EndProject
Project("{8BC9CEB8-8B4A-11D0-8D11-00A0C91BC942}") = "SFMLAPI", "SFMLAPI\SFMLAPI.vcxproj", "{927B2D28-14E8-4D17-A0FB-5D637CF4EA3C}"
	ProjectSection(ProjectDependencies) = postProject
		{AF5B2E49-98BC-4C1B-8B53-0122876D47FA} = {AF5B2E49-98BC-4C1B-8B53-0122876D47FA}
	EndProjectSection
EndProject
Project("{2150E333-8FDC-42A3-9474-1A3956D46DE8}") = "ThirdParty", "ThirdParty", "{B3DC8741-3C47-4236-AC49-06A61FDA1747}"
EndProject
Project("{8BC9CEB8-8B4A-11D0-8D11-00A0C91BC942}") = "PhysicsFS", "ThirdParty\PhysicsFS\PhysicsFS.vcxproj", "{F6D2E7C5-26AA-410B-B5B8-51BC24D2A1C9}"
EndProject
Project("{8BC9CEB8-8B4A-11D0-8D11-00A0C91BC942}") = "LittleEngine", "LittleEngine\LittleEngine.vcxproj", "{FB4A4DAC-CA32-49B6-A32E-FD2654ABF5A9}"
EndProject
Project("{8BC9CEB8-8B4A-11D0-8D11-00A0C91BC942}") = "LEGame", "LEGame\LEGame.vcxproj", "{B4DAE8FA-8724-411F-A0A5-D1C3FDFADB85}"
EndProject
Global
	GlobalSection(SolutionConfigurationPlatforms) = preSolution
		Debug|x64 = Debug|x64
		Development|x64 = Development|x64
		Release|x64 = Release|x64
		Ship|x64 = Ship|x64
	EndGlobalSection
	GlobalSection(ProjectConfigurationPlatforms) = postSolution
		{E6DCB510-4DF2-4C49-B230-C2D62F2DF371}.Debug|x64.ActiveCfg = Debug|x64
		{E6DCB510-4DF2-4C49-B230-C2D62F2DF371}.Debug|x64.Build.0 = Debug|x64
		{E6DCB510-4DF2-4C49-B230-C2D62F2DF371}.Development|x64.ActiveCfg = Development|x64
		{E6DCB510-4DF2-4C49-B230-C2D62F2DF371}.Development|x64.Build.0 = Development|x64
		{E6DCB510-4DF2-4C49-B230-C2D62F2DF371}.Release|x64.ActiveCfg = Release|x64
		{E6DCB510-4DF2-4C49-B230-C2D62F2DF371}.Release|x64.Build.0 = Release|x64
		{E6DCB510-4DF2-4C49-B230-C2D62F2DF371}.Ship|x64.ActiveCfg = Ship|x64
		{E6DCB510-4DF2-4C49-B230-C2D62F2DF371}.Ship|x64.Build.0 = Ship|x64
		{176489DF-3F22-43D5-A6F4-56EF4F2D4388}.Debug|x64.ActiveCfg = Debug|x64
		{176489DF-3F22-43D5-A6F4-56EF4F2D4388}.Debug|x64.Build.0 = Debug|x64
		{176489DF-3F22-43D5-A6F4-56EF4F2D4388}.Development|x64.ActiveCfg = Development|x64
		{176489DF-3F22-43D5-A6F4-56EF4F2D4388}.Development|x64.Build.0 = Development|x64
		{176489DF-3F22-43D5-A6F4-56EF4F2D4388}.Release|x64.ActiveCfg = Release|x64
		{176489DF-3F22-43D5-A6F4-56EF4F2D4388}.Release|x64.Build.0 = Release|x64
		{176489DF-3F22-43D5-A6F4-56EF4F2D4388}.Ship|x64.ActiveCfg = Ship|x64
		{176489DF-3F22-43D5-A6F4-56EF4F2D4388}.Ship|x64.Build.0 = Ship|x64
		{AF5B2E49-98BC-4C1B-8B53-0122876D47FA}.Debug|x64.ActiveCfg = Debug|x64
		{AF5B2E49-98BC-4C1B-8B53-0122876D47FA}.Debug|x64.Build.0 = Debug|x64
		{AF5B2E49-98BC-4C1B-8B53-0122876D47FA}.Development|x64.ActiveCfg = Development|x64
		{AF5B2E49-98BC-4C1B-8B53-0122876D47FA}.Development|x64.Build.0 = Development|x64
		{AF5B2E49-98BC-4C1B-8B53-0122876D47FA}.Release|x64.ActiveCfg = Release|x64
		{AF5B2E49-98BC-4C1B-8B53-0122876D47FA}.Release|x64.Build.0 = Release|x64
		{AF5B2E49-98BC-4C1B-8B53-0122876D47FA}.Ship|x64.ActiveCfg = Ship|x64
		{AF5B2E49-98BC-4C1B-8B53-0122876D47FA}.Ship|x64.Build.0 = Ship|x64
		{927B2D28-14E8-4D17-A0FB-5D637CF4EA3C}.Debug|x64.ActiveCfg = Debug|x64
		{927B2D28-14E8-4D17-A0FB-5D637CF4EA3C}.Debug|x64.Build.0 = Debug|x64
		{927B2D28-14E8-4D17-A0FB-5D637CF4EA3C}.Development|x64.ActiveCfg = Development|x64
		{927B2D28-14E8-4D17-A0FB-5D637CF4EA3C}.Development|x64.Build.0 = Development|x64
		{927B2D28-14E8-4D17-A0FB-5D637CF4EA3C}.Release|x64.ActiveCfg = Release|x64
		{927B2D28-14E8-4D17-A0FB-5D637CF4EA3C}.Release|x64.Build.0 = Release|x64
		{927B2D28-14E8-4D17-A0FB-5D637CF4EA3C}.Ship|x64.ActiveCfg = Ship|x64
		{927B2D28-14E8-4D17-A0FB-5D637CF4EA3C}.Ship|x64.Build.0 = Ship|x64
		{F6D2E7C5-26AA-410B-B5B8-51BC24D2A1C9}.Debug|x64.ActiveCfg = Debug|x64
		{F6D2E7C5-26AA-410B-B5B8-51BC24D2A1C9}.Debug|x64.Build.0 = Debug|x64
		{F6D2E7C5-26AA-410B-B5B8-51BC24D2A1C9}.Development|x64.ActiveCfg = Release|x64
		{F6D2E7C5-26AA-410B-B5B8-51BC24D2A1C9}.Development|x64.Build.0 = Release|x64
		{F6D2E7C5-26AA-410B-B5B8-51BC24D2A1C9}.Release|x64.ActiveCfg = Release|x64
		{F6D2E7C5-26AA-410B-B5B8-51BC24D2A1C9}.Release|x64.Build.0 = Release|x64
		{F6D2E7C5-26AA-410B-B5B8-51BC24D2A1C9}.Ship|x64.ActiveCfg = Release|x64
		{F6D2E7C5-26AA-410B-B5B8-51BC24D2A1C9}.Ship|x64.Build.0 = Release|x64
		{FB4A4DAC-CA32-49B6-A32E-FD2654ABF5A9}.Debug|x64.ActiveCfg = Debug|x64
		{FB4A4DAC-CA32-49B6-A32E-FD2654ABF5A9}.Debug|x64.Build.0 = Debug|x64
		{FB4A4DAC-CA32-49B6-A32E-FD2654ABF5A9}.Development|x64.ActiveCfg = Development|x64
		{FB4A4DAC-CA32-49B6-A32E-FD2654ABF5A9}.Development|x64.Build.0 = Development|x64
		{FB4A4DAC-CA32-49B6-A32E-FD2654ABF5A9}.Release|x64.ActiveCfg = Release|x64
		{FB4A4DAC-CA32-49B6-A32E-FD2654ABF5A9}.Release|x64.Build.0 = Release|x64
		{FB4A4DAC-CA32-49B6-A32E-FD2654ABF5A9}.Ship|x64.ActiveCfg = Ship|x64
		{FB4A4DAC-CA32-49B6-A32E-FD2654ABF5A9}.Ship|x64.Build.0 = Ship|x64
		{B4DAE8FA-8724-411F-A0A5-D1C3FDFADB85}.Debug|x64.ActiveCfg = Debug|x64
		{B4DAE8FA-8724-411F-A0A5-D1C3FDFADB85}.Debug|x64.Build.0 = Debug|x64
		{B4DAE8FA-8724-411F-A0A5-D1C3FDFADB85}.Development|x64.ActiveCfg = Development|x64
		{B4DAE8FA-8724-411F-A0A5-D1C3FDFADB85}.Development|x64.Build.0 = Development|x64
		{B4DAE8FA-8724-411F-A0A5-D1C3FDFADB85}.Release|x64.ActiveCfg = Release|x64
		{B4DAE8FA-8724-411F-A0A5-D1C3FDFADB85}.Release|x64.Build.0 = Release|x64
		{B4DAE8FA-8724-411F-A0A5-D1C3FDFADB85}.Ship|x64.ActiveCfg = Ship|x64
		{B4DAE8FA-8724-411F-A0A5-D1C3FDFADB85}.Ship|x64.Build.0 = Ship|x64
	EndGlobalSection
	GlobalSection(SolutionProperties) = preSolution
		HideSolutionNode = FALSE
	EndGlobalSection
	GlobalSection(NestedProjects) = preSolution
		{F6D2E7C5-26AA-410B-B5B8-51BC24D2A1C9} = {B3DC8741-3C47-4236-AC49-06A61FDA1747}
	EndGlobalSection
	GlobalSection(ExtensibilityGlobals) = postSolution
		SolutionGuid = {AE2A6E88-6BF5-4055-9EF2-F5AB4B3D6AA1}
	EndGlobalSection
EndGlobal
