
Microsoft Visual Studio Solution File, Format Version 12.00
# Visual Studio 15
VisualStudioVersion = 15.0.28307.271
MinimumVisualStudioVersion = 10.0.40219.1
Project("{8BC9CEB8-8B4A-11D0-8D11-00A0C91BC942}") = "LittleGame", "LittleGame\LittleGame.vcxproj", "{E6DCB510-4DF2-4C49-B230-C2D62F2DF371}"
EndProject
Project("{8BC9CEB8-8B4A-11D0-8D11-00A0C91BC942}") = "LittleEngine", "LittleEngine\LittleEngine.vcxproj", "{F47FDA22-5053-4B11-A8D8-5281110C3B60}"
	ProjectSection(ProjectDependencies) = postProject
		{927B2D28-14E8-4D17-A0FB-5D637CF4EA3C} = {927B2D28-14E8-4D17-A0FB-5D637CF4EA3C}
		{AF5B2E49-98BC-4C1B-8B53-0122876D47FA} = {AF5B2E49-98BC-4C1B-8B53-0122876D47FA}
		{176489DF-3F22-43D5-A6F4-56EF4F2D4388} = {176489DF-3F22-43D5-A6F4-56EF4F2D4388}
	EndProjectSection
EndProject
Project("{8BC9CEB8-8B4A-11D0-8D11-00A0C91BC942}") = "_PCH", "PCH\_PCH.vcxproj", "{176489DF-3F22-43D5-A6F4-56EF4F2D4388}"
EndProject
Project("{8BC9CEB8-8B4A-11D0-8D11-00A0C91BC942}") = "Core", "Core\Core.vcxproj", "{AF5B2E49-98BC-4C1B-8B53-0122876D47FA}"
	ProjectSection(ProjectDependencies) = postProject
		{176489DF-3F22-43D5-A6F4-56EF4F2D4388} = {176489DF-3F22-43D5-A6F4-56EF4F2D4388}
	EndProjectSection
EndProject
Project("{8BC9CEB8-8B4A-11D0-8D11-00A0C91BC942}") = "SFMLAPI", "SFMLAPI\SFMLAPI.vcxproj", "{927B2D28-14E8-4D17-A0FB-5D637CF4EA3C}"
	ProjectSection(ProjectDependencies) = postProject
		{AF5B2E49-98BC-4C1B-8B53-0122876D47FA} = {AF5B2E49-98BC-4C1B-8B53-0122876D47FA}
		{176489DF-3F22-43D5-A6F4-56EF4F2D4388} = {176489DF-3F22-43D5-A6F4-56EF4F2D4388}
	EndProjectSection
EndProject
Project("{8BC9CEB8-8B4A-11D0-8D11-00A0C91BC942}") = "GameFramework", "GameFramework\GameFramework.vcxproj", "{F3F2010F-993E-49C1-9E0E-7EC58A0D6EE3}"
EndProject
Project("{2150E333-8FDC-42A3-9474-1A3956D46DE8}") = "ThirdParty", "ThirdParty", "{B3DC8741-3C47-4236-AC49-06A61FDA1747}"
EndProject
Project("{8BC9CEB8-8B4A-11D0-8D11-00A0C91BC942}") = "PhysicsFS", "PhysicsFS\PhysicsFS.vcxproj", "{F6D2E7C5-26AA-410B-B5B8-51BC24D2A1C9}"
EndProject
Global
	GlobalSection(SolutionConfigurationPlatforms) = preSolution
		Debug|x64 = Debug|x64
		Development|x64 = Development|x64
		Release|x64 = Release|x64
		Ship|x64 = Ship|x64
	EndGlobalSection
	GlobalSection(ProjectConfigurationPlatforms) = postSolution
		{F47FDA22-5053-4B11-A8D8-5281110C3B60}.Debug|x64.ActiveCfg = Debug|x64
		{F47FDA22-5053-4B11-A8D8-5281110C3B60}.Debug|x64.Build.0 = Debug|x64
		{F47FDA22-5053-4B11-A8D8-5281110C3B60}.Development|x64.ActiveCfg = Development|x64
		{F47FDA22-5053-4B11-A8D8-5281110C3B60}.Development|x64.Build.0 = Development|x64
		{F47FDA22-5053-4B11-A8D8-5281110C3B60}.Release|x64.ActiveCfg = Release|x64
		{F47FDA22-5053-4B11-A8D8-5281110C3B60}.Release|x64.Build.0 = Release|x64
		{F47FDA22-5053-4B11-A8D8-5281110C3B60}.Ship|x64.ActiveCfg = Ship|x64
		{F47FDA22-5053-4B11-A8D8-5281110C3B60}.Ship|x64.Build.0 = Ship|x64
		{176489DF-3F22-43D5-A6F4-56EF4F2D4388}.Debug|x64.ActiveCfg = Debug|x64
		{176489DF-3F22-43D5-A6F4-56EF4F2D4388}.Debug|x64.Build.0 = Debug|x64
		{176489DF-3F22-43D5-A6F4-56EF4F2D4388}.Development|x64.ActiveCfg = Development|x64
		{176489DF-3F22-43D5-A6F4-56EF4F2D4388}.Development|x64.Build.0 = Development|x64
		{176489DF-3F22-43D5-A6F4-56EF4F2D4388}.Release|x64.ActiveCfg = Release|x64
		{176489DF-3F22-43D5-A6F4-56EF4F2D4388}.Release|x64.Build.0 = Release|x64
		{176489DF-3F22-43D5-A6F4-56EF4F2D4388}.Ship|x64.ActiveCfg = Ship|x64
		{176489DF-3F22-43D5-A6F4-56EF4F2D4388}.Ship|x64.Build.0 = Ship|x64
		{AF5B2E49-98BC-4C1B-8B53-0122876D47FA}.Debug|x64.ActiveCfg = Debug|x64
		{AF5B2E49-98BC-4C1B-8B53-0122876D47FA}.Debug|x64.Build.0 = Debug|x64
		{AF5B2E49-98BC-4C1B-8B53-0122876D47FA}.Development|x64.ActiveCfg = Development|x64
		{AF5B2E49-98BC-4C1B-8B53-0122876D47FA}.Development|x64.Build.0 = Development|x64
		{AF5B2E49-98BC-4C1B-8B53-0122876D47FA}.Release|x64.ActiveCfg = Release|x64
		{AF5B2E49-98BC-4C1B-8B53-0122876D47FA}.Release|x64.Build.0 = Release|x64
		{AF5B2E49-98BC-4C1B-8B53-0122876D47FA}.Ship|x64.ActiveCfg = Ship|x64
		{AF5B2E49-98BC-4C1B-8B53-0122876D47FA}.Ship|x64.Build.0 = Ship|x64
		{927B2D28-14E8-4D17-A0FB-5D637CF4EA3C}.Debug|x64.ActiveCfg = Debug|x64
		{927B2D28-14E8-4D17-A0FB-5D637CF4EA3C}.Debug|x64.Build.0 = Debug|x64
		{927B2D28-14E8-4D17-A0FB-5D637CF4EA3C}.Development|x64.ActiveCfg = Development|x64
		{927B2D28-14E8-4D17-A0FB-5D637CF4EA3C}.Development|x64.Build.0 = Development|x64
		{927B2D28-14E8-4D17-A0FB-5D637CF4EA3C}.Release|x64.ActiveCfg = Release|x64
		{927B2D28-14E8-4D17-A0FB-5D637CF4EA3C}.Release|x64.Build.0 = Release|x64
		{927B2D28-14E8-4D17-A0FB-5D637CF4EA3C}.Ship|x64.ActiveCfg = Ship|x64
		{927B2D28-14E8-4D17-A0FB-5D637CF4EA3C}.Ship|x64.Build.0 = Ship|x64
		{F3F2010F-993E-49C1-9E0E-7EC58A0D6EE3}.Debug|x64.ActiveCfg = Debug|x64
		{F3F2010F-993E-49C1-9E0E-7EC58A0D6EE3}.Debug|x64.Build.0 = Debug|x64
		{F3F2010F-993E-49C1-9E0E-7EC58A0D6EE3}.Development|x64.ActiveCfg = Development|x64
		{F3F2010F-993E-49C1-9E0E-7EC58A0D6EE3}.Development|x64.Build.0 = Development|x64
		{F3F2010F-993E-49C1-9E0E-7EC58A0D6EE3}.Release|x64.ActiveCfg = Release|x64
		{F3F2010F-993E-49C1-9E0E-7EC58A0D6EE3}.Release|x64.Build.0 = Release|x64
		{F3F2010F-993E-49C1-9E0E-7EC58A0D6EE3}.Ship|x64.ActiveCfg = Ship|x64
		{F3F2010F-993E-49C1-9E0E-7EC58A0D6EE3}.Ship|x64.Build.0 = Ship|x64
		{E6DCB510-4DF2-4C49-B230-C2D62F2DF371}.Debug|x64.ActiveCfg = Debug|x64
		{E6DCB510-4DF2-4C49-B230-C2D62F2DF371}.Debug|x64.Build.0 = Debug|x64
		{E6DCB510-4DF2-4C49-B230-C2D62F2DF371}.Development|x64.ActiveCfg = Development|x64
		{E6DCB510-4DF2-4C49-B230-C2D62F2DF371}.Development|x64.Build.0 = Development|x64
		{E6DCB510-4DF2-4C49-B230-C2D62F2DF371}.Release|x64.ActiveCfg = Release|x64
		{E6DCB510-4DF2-4C49-B230-C2D62F2DF371}.Release|x64.Build.0 = Release|x64
		{E6DCB510-4DF2-4C49-B230-C2D62F2DF371}.Ship|x64.ActiveCfg = Ship|x64
		{E6DCB510-4DF2-4C49-B230-C2D62F2DF371}.Ship|x64.Build.0 = Ship|x64
		{F6D2E7C5-26AA-410B-B5B8-51BC24D2A1C9}.Debug|x64.ActiveCfg = Debug|x64
		{F6D2E7C5-26AA-410B-B5B8-51BC24D2A1C9}.Debug|x64.Build.0 = Debug|x64
		{F6D2E7C5-26AA-410B-B5B8-51BC24D2A1C9}.Development|x64.ActiveCfg = Release|x64
		{F6D2E7C5-26AA-410B-B5B8-51BC24D2A1C9}.Development|x64.Build.0 = Release|x64
		{F6D2E7C5-26AA-410B-B5B8-51BC24D2A1C9}.Release|x64.ActiveCfg = Release|x64
		{F6D2E7C5-26AA-410B-B5B8-51BC24D2A1C9}.Release|x64.Build.0 = Release|x64
		{F6D2E7C5-26AA-410B-B5B8-51BC24D2A1C9}.Ship|x64.ActiveCfg = Release|x64
		{F6D2E7C5-26AA-410B-B5B8-51BC24D2A1C9}.Ship|x64.Build.0 = Release|x64
	EndGlobalSection
	GlobalSection(SolutionProperties) = preSolution
		HideSolutionNode = FALSE
	EndGlobalSection
	GlobalSection(NestedProjects) = preSolution
		{F6D2E7C5-26AA-410B-B5B8-51BC24D2A1C9} = {B3DC8741-3C47-4236-AC49-06A61FDA1747}
	EndGlobalSection
	GlobalSection(ExtensibilityGlobals) = postSolution
		SolutionGuid = {AE2A6E88-6BF5-4055-9EF2-F5AB4B3D6AA1}
	EndGlobalSection
EndGlobal
