<?xml version="1.0" encoding="utf-8"?>
<Project ToolsVersion="4.0" xmlns="http://schemas.microsoft.com/developer/msbuild/2003">
  <ItemGroup>
    <ClInclude Include="SFMLAPI\Rendering\Colour.h">
      <Filter>SFMLAPI\Rendering</Filter>
    </ClInclude>
    <ClInclude Include="SFMLAPI\SFRendering.h">
      <Filter>SFMLAPI</Filter>
    </ClInclude>
    <ClInclude Include="SFMLAPI\Input\SFInputStateMachine.h">
      <Filter>SFMLAPI\Input</Filter>
    </ClInclude>
    <ClInclude Include="SFMLAPI\Audio\SFAudioPlayer.h">
      <Filter>SFMLAPI\Audio</Filter>
    </ClInclude>
    <ClInclude Include="SFMLAPI\SFAudio.h">
      <Filter>SFMLAPI</Filter>
    </ClInclude>
    <ClInclude Include="SFMLAPI\SFInput.h">
      <Filter>SFMLAPI</Filter>
    </ClInclude>
    <ClInclude Include="SFMLAPI\SFMLAPI.h">
      <Filter>SFMLAPI</Filter>
    </ClInclude>
    <ClInclude Include="SFMLAPI\SFWindowing.h">
      <Filter>SFMLAPI</Filter>
    </ClInclude>
    <ClInclude Include="SFMLAPI\System\SFAssets.h">
      <Filter>SFMLAPI\System</Filter>
    </ClInclude>
    <ClInclude Include="SFMLAPI\System\SFGameClock.h">
      <Filter>SFMLAPI\System</Filter>
    </ClInclude>
    <ClInclude Include="SFMLAPI\System\SFTypes.h">
      <Filter>SFMLAPI\System</Filter>
    </ClInclude>
    <ClInclude Include="SFMLAPI\SFSystem.h">
      <Filter>SFMLAPI</Filter>
    </ClInclude>
    <ClInclude Include="SFMLAPI\Rendering\SFRenderer.h">
      <Filter>SFMLAPI\Rendering</Filter>
    </ClInclude>
    <ClInclude Include="SFMLAPI\Input\SFInputDataFrame.h">
      <Filter>SFMLAPI\Input</Filter>
    </ClInclude>
    <ClInclude Include="SFMLAPI\Rendering\SFLayerID.h">
      <Filter>SFMLAPI\Rendering</Filter>
    </ClInclude>
    <ClInclude Include="SFMLAPI\System\SFAssetType.h">
      <Filter>SFMLAPI\System</Filter>
    </ClInclude>
    <ClInclude Include="SFMLAPI\Rendering\ISFRenderBuffer.h">
      <Filter>SFMLAPI\Rendering</Filter>
    </ClInclude>
    <ClInclude Include="SFMLAPI\Input\SFInputHandler.h">
      <Filter>SFMLAPI\Input</Filter>
    </ClInclude>
    <ClInclude Include="SFMLAPI\Viewport\SFViewport.h">
      <Filter>SFMLAPI\Viewport</Filter>
    </ClInclude>
    <ClInclude Include="SFMLAPI\Viewport\SFViewportData.h">
      <Filter>SFMLAPI\Viewport</Filter>
    </ClInclude>
    <ClInclude Include="SFMLAPI\Rendering\SFShader.h">
      <Filter>SFMLAPI\Rendering</Filter>
    </ClInclude>
    <ClInclude Include="SFMLAPI\Rendering\Primitives\Quad.h">
      <Filter>SFMLAPI\Rendering\Primitives</Filter>
    </ClInclude>
    <ClInclude Include="SFMLAPI\Rendering\Primitives\Primitive.h">
      <Filter>SFMLAPI\Rendering\Primitives</Filter>
    </ClInclude>
    <ClInclude Include="SFMLAPI\Rendering\Primitives\SFDrawable.h">
      <Filter>SFMLAPI\Rendering\Primitives</Filter>
    </ClInclude>
    <ClInclude Include="SFMLAPI\Rendering\Primitives\Quads.h">
      <Filter>SFMLAPI\Rendering\Primitives</Filter>
    </ClInclude>
    <ClInclude Include="SFMLAPI\Rendering\Primitives\SFRect.h">
      <Filter>SFMLAPI\Rendering\Primitives</Filter>
    </ClInclude>
    <ClInclude Include="SFMLAPI\Rendering\Primitives\SFCircle.h">
      <Filter>SFMLAPI\Rendering\Primitives</Filter>
    </ClInclude>
    <ClInclude Include="SFMLAPI\Rendering\Primitives\SFText.h">
      <Filter>SFMLAPI\Rendering\Primitives</Filter>
    </ClInclude>
    <ClInclude Include="SFMLAPI\Rendering\Primitives.h">
      <Filter>SFMLAPI\Rendering</Filter>
    </ClInclude>
  </ItemGroup>
  <ItemGroup>
    <ClCompile Include="SFMLAPI\Rendering\Colour.cpp">
      <Filter>SFMLAPI\Rendering</Filter>
    </ClCompile>
    <ClCompile Include="SFMLAPI\Input\SFInputStateMachine.cpp">
      <Filter>SFMLAPI\Input</Filter>
    </ClCompile>
    <ClCompile Include="SFMLAPI\Audio\SFAudioPlayer.cpp">
      <Filter>SFMLAPI\Audio</Filter>
    </ClCompile>
    <ClCompile Include="SFMLAPI\System\SFAssets.cpp">
      <Filter>SFMLAPI\System</Filter>
    </ClCompile>
    <ClCompile Include="SFMLAPI\System\SFGameClock.cpp">
      <Filter>SFMLAPI\System</Filter>
    </ClCompile>
    <ClCompile Include="SFMLAPI\System\SFTypes.cpp">
      <Filter>SFMLAPI\System</Filter>
    </ClCompile>
    <ClCompile Include="SFMLAPI\Rendering\SFRenderer.cpp">
      <Filter>SFMLAPI\Rendering</Filter>
    </ClCompile>
    <ClCompile Include="SFMLAPI\Input\SFInputDataFrame.cpp">
      <Filter>SFMLAPI\Input</Filter>
    </ClCompile>
    <ClCompile Include="SFMLAPI\Input\SFInputHandler.cpp">
      <Filter>SFMLAPI\Input</Filter>
    </ClCompile>
    <ClCompile Include="SFMLAPI\Viewport\SFViewport.cpp">
      <Filter>SFMLAPI\Viewport</Filter>
    </ClCompile>
    <ClCompile Include="SFMLAPI\Viewport\SFViewportData.cpp">
      <Filter>SFMLAPI\Viewport</Filter>
    </ClCompile>
    <ClCompile Include="SFMLAPI\Rendering\SFShader.cpp">
      <Filter>SFMLAPI\Rendering</Filter>
    </ClCompile>
    <ClCompile Include="SFMLAPI\Rendering\Primitives\Quad.cpp">
      <Filter>SFMLAPI\Rendering\Primitives</Filter>
    </ClCompile>
    <ClCompile Include="SFMLAPI\Rendering\Primitives\Primitive.cpp">
      <Filter>SFMLAPI\Rendering\Primitives</Filter>
    </ClCompile>
    <ClCompile Include="SFMLAPI\Rendering\Primitives\SFDrawable.cpp">
      <Filter>SFMLAPI\Rendering\Primitives</Filter>
    </ClCompile>
    <ClCompile Include="SFMLAPI\Rendering\Primitives\SFRect.cpp">
      <Filter>SFMLAPI\Rendering\Primitives</Filter>
    </ClCompile>
    <ClCompile Include="SFMLAPI\Rendering\Primitives\Quads.cpp">
      <Filter>SFMLAPI\Rendering\Primitives</Filter>
    </ClCompile>
    <ClCompile Include="SFMLAPI\Rendering\Primitives\SFCircle.cpp">
      <Filter>SFMLAPI\Rendering\Primitives</Filter>
    </ClCompile>
    <ClCompile Include="SFMLAPI\Rendering\Primitives\SFText.cpp">
      <Filter>SFMLAPI\Rendering\Primitives</Filter>
    </ClCompile>
  </ItemGroup>
  <ItemGroup>
    <Filter Include="SFMLAPI">
      <UniqueIdentifier>{ab1a8c6d-7492-49cd-8005-427732fa1fef}</UniqueIdentifier>
    </Filter>
    <Filter Include="SFMLAPI\Rendering">
      <UniqueIdentifier>{0855eecd-2b1c-4d9e-bb4c-d9d5c8582a15}</UniqueIdentifier>
    </Filter>
    <Filter Include="SFMLAPI\Input">
      <UniqueIdentifier>{9c04a6a1-07e6-4f65-a17d-bec3690fc741}</UniqueIdentifier>
    </Filter>
    <Filter Include="SFMLAPI\Audio">
      <UniqueIdentifier>{0e86d036-bf10-453d-a707-aa230fa1f798}</UniqueIdentifier>
    </Filter>
    <Filter Include="SFMLAPI\System">
      <UniqueIdentifier>{8bec89b2-2391-47d9-b8d2-cd0e09cc7ec6}</UniqueIdentifier>
    </Filter>
    <Filter Include="SFMLAPI\Viewport">
      <UniqueIdentifier>{e916c930-eacb-4818-925a-84b2306f56bb}</UniqueIdentifier>
    </Filter>
    <Filter Include="SFMLAPI\Rendering\Primitives">
      <UniqueIdentifier>{135ab94c-07be-4f2d-90a2-1916ea78c212}</UniqueIdentifier>
    </Filter>
  </ItemGroup>
</Project>