<?xml version="1.0" encoding="utf-8"?>
<Project ToolsVersion="4.0" xmlns="http://schemas.microsoft.com/developer/msbuild/2003">
  <ItemGroup>
    <Filter Include="Core">
      <UniqueIdentifier>{6037938e-977f-4ae1-b5ed-6bda270299cf}</UniqueIdentifier>
    </Filter>
    <Filter Include="Core\Jobs">
      <UniqueIdentifier>{b9389d98-43e5-4fe5-891a-2279cfe68060}</UniqueIdentifier>
    </Filter>
  </ItemGroup>
  <ItemGroup>
    <ClInclude Include="Core\ArchiveReader.h">
      <Filter>Core</Filter>
    </ClInclude>
    <ClInclude Include="Core\Asserts.h">
      <Filter>Core</Filter>
    </ClInclude>
    <ClInclude Include="Core\Core.h">
      <Filter>Core</Filter>
    </ClInclude>
    <ClInclude Include="Core\CoreTypes.h">
      <Filter>Core</Filter>
    </ClInclude>
    <ClInclude Include="Core\FileRW.h">
      <Filter>Core</Filter>
    </ClInclude>
    <ClInclude Include="Core\Fixed.h">
      <Filter>Core</Filter>
    </ClInclude>
    <ClInclude Include="Core\GData.h">
      <Filter>Core</Filter>
    </ClInclude>
    <ClInclude Include="Core\Logger.h">
      <Filter>Core</Filter>
    </ClInclude>
    <ClInclude Include="Core\Maths.h">
      <Filter>Core</Filter>
    </ClInclude>
    <ClInclude Include="Core\Property.h">
      <Filter>Core</Filter>
    </ClInclude>
    <ClInclude Include="Core\Rect2.h">
      <Filter>Core</Filter>
    </ClInclude>
    <ClInclude Include="Core\SimpleTime.h">
      <Filter>Core</Filter>
    </ClInclude>
    <ClInclude Include="Core\StdTypes.h">
      <Filter>Core</Filter>
    </ClInclude>
    <ClInclude Include="Core\SysDialog.h">
      <Filter>Core</Filter>
    </ClInclude>
    <ClInclude Include="Core\Transform.h">
      <Filter>Core</Filter>
    </ClInclude>
    <ClInclude Include="Core\UByte.h">
      <Filter>Core</Filter>
    </ClInclude>
    <ClInclude Include="Core\Utils.h">
      <Filter>Core</Filter>
    </ClInclude>
    <ClInclude Include="Core\Vector2.h">
      <Filter>Core</Filter>
    </ClInclude>
    <ClInclude Include="Core\Version.h">
      <Filter>Core</Filter>
    </ClInclude>
    <ClInclude Include="Core\TRange.h">
      <Filter>Core</Filter>
    </ClInclude>
    <ClInclude Include="Core\TokenHandler.h">
      <Filter>Core</Filter>
    </ClInclude>
    <ClInclude Include="Core\CircularList.h">
      <Filter>Core</Filter>
    </ClInclude>
    <ClInclude Include="Core\CircularVector.h">
      <Filter>Core</Filter>
    </ClInclude>
    <ClInclude Include="Core\Delegate.h">
      <Filter>Core</Filter>
    </ClInclude>
    <ClInclude Include="Core\Deferred.h">
      <Filter>Core</Filter>
    </ClInclude>
    <ClInclude Include="Core\Jobs\JobHandle.h">
      <Filter>Core\Jobs</Filter>
    </ClInclude>
    <ClInclude Include="Core\Jobs\JobWorker.h">
      <Filter>Core\Jobs</Filter>
    </ClInclude>
    <ClInclude Include="Core\Jobs\MultiJob.h">
      <Filter>Core\Jobs</Filter>
    </ClInclude>
    <ClInclude Include="Core\Jobs.h">
      <Filter>Core</Filter>
    </ClInclude>
    <ClInclude Include="Core\Jobs\JobManager.h">
      <Filter>Core\Jobs</Filter>
    </ClInclude>
    <ClInclude Include="Core\OS.h">
      <Filter>Core</Filter>
    </ClInclude>
    <ClInclude Include="Core\FileLogger.h">
      <Filter>Core</Filter>
    </ClInclude>
  </ItemGroup>
  <ItemGroup>
    <ClCompile Include="Core\ArchiveReader.cpp">
      <Filter>Core</Filter>
    </ClCompile>
    <ClCompile Include="Core\Asserts.cpp">
      <Filter>Core</Filter>
    </ClCompile>
    <ClCompile Include="Core\FileRW.cpp">
      <Filter>Core</Filter>
    </ClCompile>
    <ClCompile Include="Core\Fixed.cpp">
      <Filter>Core</Filter>
    </ClCompile>
    <ClCompile Include="Core\GData.cpp">
      <Filter>Core</Filter>
    </ClCompile>
    <ClCompile Include="Core\Logger.cpp">
      <Filter>Core</Filter>
    </ClCompile>
    <ClCompile Include="Core\Maths.cpp">
      <Filter>Core</Filter>
    </ClCompile>
    <ClCompile Include="Core\Property.cpp">
      <Filter>Core</Filter>
    </ClCompile>
    <ClCompile Include="Core\Rect2.cpp">
      <Filter>Core</Filter>
    </ClCompile>
    <ClCompile Include="Core\SimpleTime.cpp">
      <Filter>Core</Filter>
    </ClCompile>
    <ClCompile Include="Core\SysDialog.cpp">
      <Filter>Core</Filter>
    </ClCompile>
    <ClCompile Include="Core\Transform.cpp">
      <Filter>Core</Filter>
    </ClCompile>
    <ClCompile Include="Core\UByte.cpp">
      <Filter>Core</Filter>
    </ClCompile>
    <ClCompile Include="Core\Utils.cpp">
      <Filter>Core</Filter>
    </ClCompile>
    <ClCompile Include="Core\Vector2.cpp">
      <Filter>Core</Filter>
    </ClCompile>
    <ClCompile Include="Core\Version.cpp">
      <Filter>Core</Filter>
    </ClCompile>
    <ClCompile Include="Core\Jobs\JobHandle.cpp">
      <Filter>Core\Jobs</Filter>
    </ClCompile>
    <ClCompile Include="Core\Jobs\JobWorker.cpp">
      <Filter>Core\Jobs</Filter>
    </ClCompile>
    <ClCompile Include="Core\Jobs\MultiJob.cpp">
      <Filter>Core\Jobs</Filter>
    </ClCompile>
    <ClCompile Include="Core\Jobs.cpp">
      <Filter>Core</Filter>
    </ClCompile>
    <ClCompile Include="Core\Jobs\JobManager.cpp">
      <Filter>Core\Jobs</Filter>
    </ClCompile>
    <ClCompile Include="Core\OS.cpp">
      <Filter>Core</Filter>
    </ClCompile>
    <ClCompile Include="Core\FileLogger.cpp">
      <Filter>Core</Filter>
    </ClCompile>
  </ItemGroup>
</Project>