<?xml version="1.0" encoding="utf-8"?>
<Project ToolsVersion="4.0" xmlns="http://schemas.microsoft.com/developer/msbuild/2003">
  <ItemGroup>
    <Filter Include="Private">
      <UniqueIdentifier>{232d1485-cd94-4f9b-a434-0d7a46e831fe}</UniqueIdentifier>
    </Filter>
    <Filter Include="Public">
      <UniqueIdentifier>{136339b9-dd94-4d99-9255-e8ff80c77f61}</UniqueIdentifier>
    </Filter>
  </ItemGroup>
  <ItemGroup>
    <ClCompile Include="Private\Logger.cpp">
      <Filter>Private</Filter>
    </ClCompile>
    <ClCompile Include="Private\SysDialog.cpp">
      <Filter>Private</Filter>
    </ClCompile>
    <ClCompile Include="Private\Asserts.cpp">
      <Filter>Private</Filter>
    </ClCompile>
    <ClCompile Include="Private\Fixed.cpp">
      <Filter>Private</Filter>
    </ClCompile>
    <ClCompile Include="Private\UByte.cpp">
      <Filter>Private</Filter>
    </ClCompile>
    <ClCompile Include="Private\Vector2.cpp">
      <Filter>Private</Filter>
    </ClCompile>
    <ClCompile Include="Private\Utils.cpp">
      <Filter>Private</Filter>
    </ClCompile>
    <ClCompile Include="Private\FileRW.cpp">
      <Filter>Private</Filter>
    </ClCompile>
    <ClCompile Include="Private\GData.cpp">
      <Filter>Private</Filter>
    </ClCompile>
    <ClCompile Include="Private\Rect2.cpp">
      <Filter>Private</Filter>
    </ClCompile>
    <ClCompile Include="Private\Transform.cpp">
      <Filter>Private</Filter>
    </ClCompile>
    <ClCompile Include="Private\Property.cpp">
      <Filter>Private</Filter>
    </ClCompile>
    <ClCompile Include="Private\Maths.cpp">
      <Filter>Private</Filter>
    </ClCompile>
    <ClCompile Include="Private\ArchiveReader.cpp">
      <Filter>Private</Filter>
    </ClCompile>
    <ClCompile Include="Private\Version.cpp">
      <Filter>Private</Filter>
    </ClCompile>
  </ItemGroup>
  <ItemGroup>
    <ClInclude Include="Public\CoreTypes.h">
      <Filter>Public</Filter>
    </ClInclude>
    <ClInclude Include="Public\Logger.h">
      <Filter>Public</Filter>
    </ClInclude>
    <ClInclude Include="Public\SysDialog.h">
      <Filter>Public</Filter>
    </ClInclude>
    <ClInclude Include="Public\Asserts.h">
      <Filter>Public</Filter>
    </ClInclude>
    <ClInclude Include="Public\Fixed.h">
      <Filter>Public</Filter>
    </ClInclude>
    <ClInclude Include="Public\UByte.h">
      <Filter>Public</Filter>
    </ClInclude>
    <ClInclude Include="Public\Vector2.h">
      <Filter>Public</Filter>
    </ClInclude>
    <ClInclude Include="Public\Utils.h">
      <Filter>Public</Filter>
    </ClInclude>
    <ClInclude Include="Public\CircularVector.hpp">
      <Filter>Public</Filter>
    </ClInclude>
    <ClInclude Include="Public\Delegate.hpp">
      <Filter>Public</Filter>
    </ClInclude>
    <ClInclude Include="Public\FileRW.h">
      <Filter>Public</Filter>
    </ClInclude>
    <ClInclude Include="Public\GData.h">
      <Filter>Public</Filter>
    </ClInclude>
    <ClInclude Include="Public\Rect2.h">
      <Filter>Public</Filter>
    </ClInclude>
    <ClInclude Include="Public\TokenHandler.hpp">
      <Filter>Public</Filter>
    </ClInclude>
    <ClInclude Include="Public\TRange.hpp">
      <Filter>Public</Filter>
    </ClInclude>
    <ClInclude Include="Public\Transform.h">
      <Filter>Public</Filter>
    </ClInclude>
    <ClInclude Include="Public\StdTypes.h">
      <Filter>Public</Filter>
    </ClInclude>
    <ClInclude Include="Public\Core.h">
      <Filter>Public</Filter>
    </ClInclude>
    <ClInclude Include="Public\Property.h">
      <Filter>Public</Filter>
    </ClInclude>
    <ClInclude Include="Public\Maths.h">
      <Filter>Public</Filter>
    </ClInclude>
    <ClInclude Include="Public\ArchiveReader.h">
      <Filter>Public</Filter>
    </ClInclude>
    <ClInclude Include="Public\Version.h">
      <Filter>Public</Filter>
    </ClInclude>
  </ItemGroup>
</Project>