<?xml version="1.0" encoding="utf-8"?>
<Project ToolsVersion="4.0" xmlns="http://schemas.microsoft.com/developer/msbuild/2003">
  <ItemGroup>
    <Filter Include="Header Files">
      <UniqueIdentifier>{93995380-89BD-4b04-88EB-625FBE52EBFB}</UniqueIdentifier>
      <Extensions>h;hh;hpp;hxx;hm;inl;inc;ipp;xsd</Extensions>
    </Filter>
    <Filter Include="Resource Files">
      <UniqueIdentifier>{67DA6AB6-F800-4c08-8B7A-83BB121AAD01}</UniqueIdentifier>
      <Extensions>rc;ico;cur;bmp;dlg;rc2;rct;bin;rgs;gif;jpg;jpeg;jpe;resx;tiff;tif;png;wav;mfcribbon-ms</Extensions>
    </Filter>
    <Filter Include="Source">
      <UniqueIdentifier>{4FC737F1-C7A5-4376-A066-2A32D752A2FF}</UniqueIdentifier>
      <Extensions>cpp;c;cc;cxx;def;odl;idl;hpj;bat;asm;asmx</Extensions>
    </Filter>
    <Filter Include="Source\Engine">
      <UniqueIdentifier>{9cf2c215-85df-45e3-99f9-948ccccc59d2}</UniqueIdentifier>
    </Filter>
    <Filter Include="Source\Engine\Config">
      <UniqueIdentifier>{2a3158e8-7a1e-4163-86db-e08089da355c}</UniqueIdentifier>
    </Filter>
    <Filter Include="Source\Entities">
      <UniqueIdentifier>{fa0d6af0-758d-4a7d-83c0-5b4fbede3aa7}</UniqueIdentifier>
    </Filter>
    <Filter Include="Source\SFMLInterface">
      <UniqueIdentifier>{51d77dcf-3f4c-45d4-a596-ba84962d4031}</UniqueIdentifier>
    </Filter>
    <Filter Include="Source\SFMLInterface\Rendering">
      <UniqueIdentifier>{ca83ac04-101b-47ef-a66c-886f9299e5a2}</UniqueIdentifier>
    </Filter>
    <Filter Include="Source\Levels">
      <UniqueIdentifier>{78895023-a746-4450-8fe4-26abedf8bd7c}</UniqueIdentifier>
    </Filter>
    <Filter Include="Source\Engine\Logger">
      <UniqueIdentifier>{c26bc2b8-8754-43bf-ba5f-97d070f42291}</UniqueIdentifier>
    </Filter>
    <Filter Include="Source\Components">
      <UniqueIdentifier>{3ec12c58-fbcf-4835-a1f4-dc5c01406f7d}</UniqueIdentifier>
    </Filter>
    <Filter Include="Source\Engine\Input">
      <UniqueIdentifier>{6d05a15d-504c-4e4c-aacc-9800c6ec9333}</UniqueIdentifier>
    </Filter>
    <Filter Include="Source\Engine\Physics">
      <UniqueIdentifier>{054812d5-7519-4308-a14e-870cebf4634e}</UniqueIdentifier>
    </Filter>
    <Filter Include="Source\SFMLInterface\Audio">
      <UniqueIdentifier>{d7d94888-e5ff-4114-b93b-14db67006e80}</UniqueIdentifier>
    </Filter>
    <Filter Include="Source\Engine\Audio">
      <UniqueIdentifier>{c4bde70d-0f38-48ca-92cf-26728d2c0bdc}</UniqueIdentifier>
    </Filter>
    <Filter Include="Source\Engine\Events">
      <UniqueIdentifier>{c8f91322-fbf6-467d-904f-3660c60f2073}</UniqueIdentifier>
    </Filter>
    <Filter Include="Source\Engine\Console">
      <UniqueIdentifier>{c7ca3447-dc15-4102-bf0c-aac779634556}</UniqueIdentifier>
    </Filter>
    <Filter Include="Source\Misc">
      <UniqueIdentifier>{b2209378-e023-4eee-a64d-669b36b65e52}</UniqueIdentifier>
    </Filter>
  </ItemGroup>
  <ItemGroup>
    <ClInclude Include="Source\Entities\Actor.h">
      <Filter>Source\Entities</Filter>
    </ClInclude>
    <ClInclude Include="Source\SFMLInterface\WindowController.h">
      <Filter>Source\SFMLInterface</Filter>
    </ClInclude>
    <ClInclude Include="Source\SFMLInterface\Rendering\Renderer.h">
      <Filter>Source\SFMLInterface\Rendering</Filter>
    </ClInclude>
    <ClInclude Include="Source\SFMLInterface\Rendering\RenderParams.h">
      <Filter>Source\SFMLInterface\Rendering</Filter>
    </ClInclude>
    <ClInclude Include="Source\SFMLInterface\Rendering\ShapeRenderer.h">
      <Filter>Source\SFMLInterface\Rendering</Filter>
    </ClInclude>
    <ClInclude Include="Source\SFMLInterface\Rendering\SpriteRenderer.h">
      <Filter>Source\SFMLInterface\Rendering</Filter>
    </ClInclude>
    <ClInclude Include="Source\SFMLInterface\Assets.h">
      <Filter>Source\SFMLInterface</Filter>
    </ClInclude>
    <ClInclude Include="Source\SFMLInterface\Rendering\TextRenderer.h">
      <Filter>Source\SFMLInterface\Rendering</Filter>
    </ClInclude>
    <ClInclude Include="Source\Levels\Level.h">
      <Filter>Source\Levels</Filter>
    </ClInclude>
    <ClInclude Include="Source\Engine\Engine.h">
      <Filter>Source\Engine</Filter>
    </ClInclude>
    <ClInclude Include="Source\Engine\EngineCommands.h">
      <Filter>Source\Engine</Filter>
    </ClInclude>
    <ClInclude Include="Source\Engine\Object.h">
      <Filter>Source\Engine</Filter>
    </ClInclude>
    <ClInclude Include="Source\Engine\World.h">
      <Filter>Source\Engine</Filter>
    </ClInclude>
    <ClInclude Include="Source\Engine\Config\EngineConfig.h">
      <Filter>Source\Engine\Config</Filter>
    </ClInclude>
    <ClInclude Include="Source\Levels\LevelManager.h">
      <Filter>Source\Levels</Filter>
    </ClInclude>
    <ClInclude Include="Source\Engine\Logger\Logger.h">
      <Filter>Source\Engine\Logger</Filter>
    </ClInclude>
    <ClInclude Include="Source\Engine\GameClock.h">
      <Filter>Source\Engine</Filter>
    </ClInclude>
    <ClInclude Include="Source\SFMLInterface\SystemClock.h">
      <Filter>Source\SFMLInterface</Filter>
    </ClInclude>
    <ClInclude Include="Source\Engine\Logger\FileLogger.h">
      <Filter>Source\Engine\Logger</Filter>
    </ClInclude>
    <ClInclude Include="Source\Components\Component.h">
      <Filter>Source\Components</Filter>
    </ClInclude>
    <ClInclude Include="Source\Components\RenderComponent.h">
      <Filter>Source\Components</Filter>
    </ClInclude>
    <ClInclude Include="Source\Components\ControllerComponent.h">
      <Filter>Source\Components</Filter>
    </ClInclude>
    <ClInclude Include="Source\SFMLInterface\Input.h">
      <Filter>Source\SFMLInterface</Filter>
    </ClInclude>
    <ClInclude Include="Source\Engine\Input\InputHandler.h">
      <Filter>Source\Engine\Input</Filter>
    </ClInclude>
    <ClInclude Include="Source\Engine\Input\Gamepad.h">
      <Filter>Source\Engine\Input</Filter>
    </ClInclude>
    <ClInclude Include="Source\Engine\Physics\CollisionManager.h">
      <Filter>Source\Engine\Physics</Filter>
    </ClInclude>
    <ClInclude Include="Source\Engine\Physics\Collider.h">
      <Filter>Source\Engine\Physics</Filter>
    </ClInclude>
    <ClInclude Include="Source\Engine\Physics\ColliderData.h">
      <Filter>Source\Engine\Physics</Filter>
    </ClInclude>
    <ClInclude Include="Source\Entities\Player.h">
      <Filter>Source\Entities</Filter>
    </ClInclude>
    <ClInclude Include="Source\SFMLInterface\Audio\AudioPlayer.h">
      <Filter>Source\SFMLInterface\Audio</Filter>
    </ClInclude>
    <ClInclude Include="Source\Engine\Audio\AudioManager.h">
      <Filter>Source\Engine\Audio</Filter>
    </ClInclude>
    <ClInclude Include="Source\Components\SpriteAnimator.h">
      <Filter>Source\Components</Filter>
    </ClInclude>
    <ClInclude Include="Source\Entities\VFX.h">
      <Filter>Source\Entities</Filter>
    </ClInclude>
    <ClInclude Include="Source\Levels\Spawner.h">
      <Filter>Source\Levels</Filter>
    </ClInclude>
    <ClInclude Include="Source\Engine\Events\EventManager.h">
      <Filter>Source\Engine\Events</Filter>
    </ClInclude>
    <ClInclude Include="Source\Engine\Console\DebugConsole.h">
      <Filter>Source\Engine\Console</Filter>
    </ClInclude>
    <ClInclude Include="Source\Engine\Console\ConsoleCommands.h">
      <Filter>Source\Engine\Console</Filter>
    </ClInclude>
    <ClInclude Include="Source\Engine\Console\LogLine.hpp">
      <Filter>Source\Engine\Console</Filter>
    </ClInclude>
    <ClInclude Include="Source\SFMLInterface\All.h">
      <Filter>Source\SFMLInterface</Filter>
    </ClInclude>
    <ClInclude Include="Source\Engine\All.h">
      <Filter>Source\Engine</Filter>
    </ClInclude>
    <ClInclude Include="Source\Components\All.h">
      <Filter>Source\Components</Filter>
    </ClInclude>
    <ClInclude Include="Source\Entities\All.h">
      <Filter>Source\Entities</Filter>
    </ClInclude>
    <ClInclude Include="le_stdafx.h">
      <Filter>Header Files</Filter>
    </ClInclude>
    <ClInclude Include="Source\Misc\Stopwatch.h">
      <Filter>Source\Misc</Filter>
    </ClInclude>
  </ItemGroup>
  <ItemGroup>
    <ClCompile Include="Source\Entities\Actor.cpp">
      <Filter>Source\Entities</Filter>
    </ClCompile>
    <ClCompile Include="Source\SFMLInterface\WindowController.cpp">
      <Filter>Source\SFMLInterface</Filter>
    </ClCompile>
    <ClCompile Include="Source\SFMLInterface\Rendering\Renderer.cpp">
      <Filter>Source\SFMLInterface\Rendering</Filter>
    </ClCompile>
    <ClCompile Include="Source\SFMLInterface\Rendering\RenderParams.cpp">
      <Filter>Source\SFMLInterface\Rendering</Filter>
    </ClCompile>
    <ClCompile Include="Source\SFMLInterface\Rendering\ShapeRenderer.cpp">
      <Filter>Source\SFMLInterface\Rendering</Filter>
    </ClCompile>
    <ClCompile Include="Source\SFMLInterface\Rendering\SpriteRenderer.cpp">
      <Filter>Source\SFMLInterface\Rendering</Filter>
    </ClCompile>
    <ClCompile Include="Source\SFMLInterface\Assets.cpp">
      <Filter>Source\SFMLInterface</Filter>
    </ClCompile>
    <ClCompile Include="Source\SFMLInterface\Rendering\TextRenderer.cpp">
      <Filter>Source\SFMLInterface\Rendering</Filter>
    </ClCompile>
    <ClCompile Include="Source\Levels\Level.cpp">
      <Filter>Source\Levels</Filter>
    </ClCompile>
    <ClCompile Include="Source\Engine\Engine.cpp">
      <Filter>Source\Engine</Filter>
    </ClCompile>
    <ClCompile Include="Source\Engine\EngineCommands.cpp">
      <Filter>Source\Engine</Filter>
    </ClCompile>
    <ClCompile Include="Source\Engine\World.cpp">
      <Filter>Source\Engine</Filter>
    </ClCompile>
    <ClCompile Include="Source\Engine\Config\EngineConfig.cpp">
      <Filter>Source\Engine\Config</Filter>
    </ClCompile>
    <ClCompile Include="Source\Levels\LevelManager.cpp">
      <Filter>Source\Levels</Filter>
    </ClCompile>
    <ClCompile Include="Source\Engine\Logger\Logger.cpp">
      <Filter>Source\Engine\Logger</Filter>
    </ClCompile>
    <ClCompile Include="Source\Engine\GameClock.cpp">
      <Filter>Source\Engine</Filter>
    </ClCompile>
    <ClCompile Include="Source\SFMLInterface\SystemClock.cpp">
      <Filter>Source\SFMLInterface</Filter>
    </ClCompile>
    <ClCompile Include="Source\Engine\Logger\FileLogger.cpp">
      <Filter>Source\Engine\Logger</Filter>
    </ClCompile>
    <ClCompile Include="Source\Components\Component.cpp">
      <Filter>Source\Components</Filter>
    </ClCompile>
    <ClCompile Include="Source\Components\RenderComponent.cpp">
      <Filter>Source\Components</Filter>
    </ClCompile>
    <ClCompile Include="Source\Components\ControllerComponent.cpp">
      <Filter>Source\Components</Filter>
    </ClCompile>
    <ClCompile Include="Source\SFMLInterface\Input.cpp">
      <Filter>Source\SFMLInterface</Filter>
    </ClCompile>
    <ClCompile Include="Source\Engine\Input\InputHandler.cpp">
      <Filter>Source\Engine\Input</Filter>
    </ClCompile>
    <ClCompile Include="Source\Engine\Input\Gamepad.cpp">
      <Filter>Source\Engine\Input</Filter>
    </ClCompile>
    <ClCompile Include="Source\Engine\Physics\CollisionManager.cpp">
      <Filter>Source\Engine\Physics</Filter>
    </ClCompile>
    <ClCompile Include="Source\Engine\Physics\Collider.cpp">
      <Filter>Source\Engine\Physics</Filter>
    </ClCompile>
    <ClCompile Include="Source\Engine\Physics\ColliderData.cpp">
      <Filter>Source\Engine\Physics</Filter>
    </ClCompile>
    <ClCompile Include="Source\Entities\Player.cpp">
      <Filter>Source\Entities</Filter>
    </ClCompile>
    <ClCompile Include="Source\SFMLInterface\Audio\AudioPlayer.cpp">
      <Filter>Source\SFMLInterface\Audio</Filter>
    </ClCompile>
    <ClCompile Include="Source\Engine\Audio\AudioManager.cpp">
      <Filter>Source\Engine\Audio</Filter>
    </ClCompile>
    <ClCompile Include="Source\Components\SpriteAnimator.cpp">
      <Filter>Source\Components</Filter>
    </ClCompile>
    <ClCompile Include="Source\Entities\VFX.cpp">
      <Filter>Source\Entities</Filter>
    </ClCompile>
    <ClCompile Include="Source\Levels\Spawner.cpp">
      <Filter>Source\Levels</Filter>
    </ClCompile>
    <ClCompile Include="Source\Engine\Events\EventManager.cpp">
      <Filter>Source\Engine\Events</Filter>
    </ClCompile>
    <ClCompile Include="Source\Engine\Console\DebugConsole.cpp">
      <Filter>Source\Engine\Console</Filter>
    </ClCompile>
    <ClCompile Include="Source\Engine\Console\ConsoleCommands.cpp">
      <Filter>Source\Engine\Console</Filter>
    </ClCompile>
    <ClCompile Include="le_stdafx.cpp" />
    <ClCompile Include="Source\Misc\Stopwatch.cpp">
      <Filter>Source\Misc</Filter>
    </ClCompile>
  </ItemGroup>
</Project>