<?xml version="1.0" encoding="utf-8"?>
<Project ToolsVersion="4.0" xmlns="http://schemas.microsoft.com/developer/msbuild/2003">
  <ItemGroup>
    <Filter Include="LittleEngine">
      <UniqueIdentifier>{3a701645-bea7-44bd-8614-d7e2bda6f592}</UniqueIdentifier>
    </Filter>
    <Filter Include="LittleEngine\Repository">
      <UniqueIdentifier>{ff953ba0-79c3-4524-94d5-5d91b594ef0f}</UniqueIdentifier>
    </Filter>
    <Filter Include="LittleEngine\Audio">
      <UniqueIdentifier>{b0d0aa9c-b6f1-4f34-9b7a-0550fb84b759}</UniqueIdentifier>
    </Filter>
    <Filter Include="LittleEngine\Context">
      <UniqueIdentifier>{7f43d9d0-3791-4508-b262-039be5f133bf}</UniqueIdentifier>
    </Filter>
    <Filter Include="LittleEngine\Input">
      <UniqueIdentifier>{2f94cdc2-5261-4ea3-b97d-6d445d70a2d9}</UniqueIdentifier>
    </Filter>
    <Filter Include="LittleEngine\Renderer">
      <UniqueIdentifier>{50a9e009-1933-4c8a-8ff1-901c9083220d}</UniqueIdentifier>
    </Filter>
    <Filter Include="LittleEngine\Debug">
      <UniqueIdentifier>{0a8e2adf-d050-4900-8611-d4d1db259747}</UniqueIdentifier>
    </Filter>
    <Filter Include="LittleEngine\Physics">
      <UniqueIdentifier>{6b3f7260-bbcf-4b64-adb8-4d0008878002}</UniqueIdentifier>
    </Filter>
  </ItemGroup>
  <ItemGroup>
    <ClCompile Include="LittleEngine\Repository\LoadHelpers.cpp">
      <Filter>LittleEngine\Repository</Filter>
    </ClCompile>
    <ClCompile Include="LittleEngine\Repository\ManifestLoader.cpp">
      <Filter>LittleEngine\Repository</Filter>
    </ClCompile>
    <ClCompile Include="LittleEngine\OS.cpp">
      <Filter>LittleEngine</Filter>
    </ClCompile>
    <ClCompile Include="LittleEngine\Context\LEContext.cpp">
      <Filter>LittleEngine\Context</Filter>
    </ClCompile>
    <ClCompile Include="LittleEngine\Input\Gamepad.cpp">
      <Filter>LittleEngine\Input</Filter>
    </ClCompile>
    <ClCompile Include="LittleEngine\Input\KeyboardInput.cpp">
      <Filter>LittleEngine\Input</Filter>
    </ClCompile>
    <ClCompile Include="LittleEngine\Renderer\LERenderer.cpp">
      <Filter>LittleEngine\Renderer</Filter>
    </ClCompile>
    <ClCompile Include="LittleEngine\Renderer\RenderFactory.cpp">
      <Filter>LittleEngine\Renderer</Filter>
    </ClCompile>
    <ClCompile Include="LittleEngine\Input\LEInput.cpp">
      <Filter>LittleEngine\Input</Filter>
    </ClCompile>
    <ClCompile Include="LittleEngine\Repository\LERepository.cpp">
      <Filter>LittleEngine\Repository</Filter>
    </ClCompile>
    <ClCompile Include="LittleEngine\Audio\LEAudio.cpp">
      <Filter>LittleEngine\Audio</Filter>
    </ClCompile>
    <ClCompile Include="LittleEngine\Debug\Tweakable.cpp">
      <Filter>LittleEngine\Debug</Filter>
    </ClCompile>
    <ClCompile Include="LittleEngine\Physics\Collider.cpp">
      <Filter>LittleEngine\Physics</Filter>
    </ClCompile>
    <ClCompile Include="LittleEngine\Physics\ColliderData.cpp">
      <Filter>LittleEngine\Physics</Filter>
    </ClCompile>
    <ClCompile Include="LittleEngine\Physics\CollisionManager.cpp">
      <Filter>LittleEngine\Physics</Filter>
    </ClCompile>
    <ClCompile Include="LittleEngine\Debug\Profiler.cpp">
      <Filter>LittleEngine\Debug</Filter>
    </ClCompile>
  </ItemGroup>
  <ItemGroup>
    <ClInclude Include="LittleEngine\Repository\LoadHelpers.h">
      <Filter>LittleEngine\Repository</Filter>
    </ClInclude>
    <ClInclude Include="LittleEngine\Repository\ManifestLoader.h">
      <Filter>LittleEngine\Repository</Filter>
    </ClInclude>
    <ClInclude Include="LittleEngine\FatalEngineException.h">
      <Filter>LittleEngine</Filter>
    </ClInclude>
    <ClInclude Include="LittleEngine\OS.h">
      <Filter>LittleEngine</Filter>
    </ClInclude>
    <ClInclude Include="LittleEngine\Context\LEContext.h">
      <Filter>LittleEngine\Context</Filter>
    </ClInclude>
    <ClInclude Include="LittleEngine\Input\Gamepad.h">
      <Filter>LittleEngine\Input</Filter>
    </ClInclude>
    <ClInclude Include="LittleEngine\Input\KeyboardInput.h">
      <Filter>LittleEngine\Input</Filter>
    </ClInclude>
    <ClInclude Include="LittleEngine\Renderer\LERenderer.h">
      <Filter>LittleEngine\Renderer</Filter>
    </ClInclude>
    <ClInclude Include="LittleEngine\Renderer\RenderFactory.h">
      <Filter>LittleEngine\Renderer</Filter>
    </ClInclude>
    <ClInclude Include="LittleEngine\Input\LEInput.h">
      <Filter>LittleEngine\Input</Filter>
    </ClInclude>
    <ClInclude Include="LittleEngine\Repository\LERepository.h">
      <Filter>LittleEngine\Repository</Filter>
    </ClInclude>
    <ClInclude Include="LittleEngine\Audio\LEAudio.h">
      <Filter>LittleEngine\Audio</Filter>
    </ClInclude>
    <ClInclude Include="LittleEngine\Debug\Tweakable.h">
      <Filter>LittleEngine\Debug</Filter>
    </ClInclude>
    <ClInclude Include="LittleEngine\Physics\Collider.h">
      <Filter>LittleEngine\Physics</Filter>
    </ClInclude>
    <ClInclude Include="LittleEngine\Physics\ColliderData.h">
      <Filter>LittleEngine\Physics</Filter>
    </ClInclude>
    <ClInclude Include="LittleEngine\Physics\CollisionManager.h">
      <Filter>LittleEngine\Physics</Filter>
    </ClInclude>
    <ClInclude Include="LittleEngine\Physics\Physics.h">
      <Filter>LittleEngine\Physics</Filter>
    </ClInclude>
    <ClInclude Include="LittleEngine\LittleEngine.h">
      <Filter>LittleEngine</Filter>
    </ClInclude>
    <ClInclude Include="LittleEngine\Debug\Profiler.h">
      <Filter>LittleEngine\Debug</Filter>
    </ClInclude>
  </ItemGroup>
</Project>