<?xml version="1.0" encoding="utf-8"?>
<Project ToolsVersion="4.0" xmlns="http://schemas.microsoft.com/developer/msbuild/2003">
  <ItemGroup>
    <Filter Include="LittleGame">
      <UniqueIdentifier>{dbb6a20d-60bd-4c3a-8aca-41a0ac8b6abd}</UniqueIdentifier>
    </Filter>
    <Filter Include="LittleGame\Worlds">
      <UniqueIdentifier>{b3ad8a2e-bd84-4816-a559-f52e029777b0}</UniqueIdentifier>
    </Filter>
    <Filter Include="LittleGame\Resources">
      <UniqueIdentifier>{1f9a7571-424d-4465-a5c7-f42675dd43fd}</UniqueIdentifier>
    </Filter>
  </ItemGroup>
  <ItemGroup>
    <ClCompile Include="LittleGame\Worlds\BootWorld.cpp">
      <Filter>LittleGame\Worlds</Filter>
    </ClCompile>
    <ClCompile Include="LittleGame\Worlds\TestWorld.cpp">
      <Filter>LittleGame\Worlds</Filter>
    </ClCompile>
    <ClCompile Include="LittleGame\Main.cpp">
      <Filter>LittleGame</Filter>
    </ClCompile>
  </ItemGroup>
  <ItemGroup>
    <ClInclude Include="LittleGame\Worlds\BootWorld.h">
      <Filter>LittleGame\Worlds</Filter>
    </ClInclude>
    <ClInclude Include="LittleGame\Worlds\TestWorld.h">
      <Filter>LittleGame\Worlds</Filter>
    </ClInclude>
    <ClInclude Include="LittleGame\Resources\resource.h">
      <Filter>LittleGame\Resources</Filter>
    </ClInclude>
  </ItemGroup>
  <ItemGroup>
    <ResourceCompile Include="LittleGame\Resources\LittleGame.rc">
      <Filter>LittleGame\Resources</Filter>
    </ResourceCompile>
  </ItemGroup>
  <ItemGroup>
    <Image Include="LittleGame\Resources\Icon.ico" />
  </ItemGroup>
</Project>